
Microsoft Visual Studio Solution File, Format Version 12.00
# Visual Studio Version 16
VisualStudioVersion = 16.0.31112.23
MinimumVisualStudioVersion = 10.0.40219.1
Project("{FAE04EC0-301F-11D3-BF4B-00C04F79EFBC}") = "Names", "Names\Names.csproj", "{616230F0-26C5-4954-8A86-827F1C3E72ED}"
EndProject
Project("{9A19103F-16F7-4668-BE54-9A1E7A4F7556}") = "SeminarArr1", "SeminarArr1\SeminarArr1.csproj", "{C2F6E5A1-758D-497F-8834-BF126821677E}"
EndProject
Global
	GlobalSection(SolutionConfigurationPlatforms) = preSolution
		Debug|Any CPU = Debug|Any CPU
		Release|Any CPU = Release|Any CPU
	EndGlobalSection
	GlobalSection(ProjectConfigurationPlatforms) = postSolution
		{616230F0-26C5-4954-8A86-827F1C3E72ED}.Debug|Any CPU.ActiveCfg = Debug|Any CPU
		{616230F0-26C5-4954-8A86-827F1C3E72ED}.Debug|Any CPU.Build.0 = Debug|Any CPU
		{616230F0-26C5-4954-8A86-827F1C3E72ED}.Release|Any CPU.ActiveCfg = Release|Any CPU
		{616230F0-26C5-4954-8A86-827F1C3E72ED}.Release|Any CPU.Build.0 = Release|Any CPU
		{C2F6E5A1-758D-497F-8834-BF126821677E}.Debug|Any CPU.ActiveCfg = Debug|Any CPU
		{C2F6E5A1-758D-497F-8834-BF126821677E}.Debug|Any CPU.Build.0 = Debug|Any CPU
		{C2F6E5A1-758D-497F-8834-BF126821677E}.Release|Any CPU.ActiveCfg = Release|Any CPU
		{C2F6E5A1-758D-497F-8834-BF126821677E}.Release|Any CPU.Build.0 = Release|Any CPU
	EndGlobalSection
	GlobalSection(SolutionProperties) = preSolution
		HideSolutionNode = FALSE
	EndGlobalSection
	GlobalSection(ExtensibilityGlobals) = postSolution
		SolutionGuid = {B8C76574-C482-476C-A403-A9263735B850}
	EndGlobalSection
EndGlobal
